// !$*UTF8*$!
{
	archiveVersion = 1;
	classes = {
	};
	objectVersion = 50;
	objects = {

/* Begin PBXBuildFile section */
		34882CDF20EA9203000E9424 /* AppDelegate.swift in Sources */ = {isa = PBXBuildFile; fileRef = 34882CDE20EA9203000E9424 /* AppDelegate.swift */; };
		34882CE120EA9203000E9424 /* GameScene.sks in Resources */ = {isa = PBXBuildFile; fileRef = 34882CE020EA9203000E9424 /* GameScene.sks */; };
		34882CE320EA9203000E9424 /* Actions.sks in Resources */ = {isa = PBXBuildFile; fileRef = 34882CE220EA9203000E9424 /* Actions.sks */; };
		34882CE520EA9203000E9424 /* GameScene.swift in Sources */ = {isa = PBXBuildFile; fileRef = 34882CE420EA9203000E9424 /* GameScene.swift */; };
		34882CE720EA9203000E9424 /* GameViewController.swift in Sources */ = {isa = PBXBuildFile; fileRef = 34882CE620EA9203000E9424 /* GameViewController.swift */; };
		34882CEA20EA9203000E9424 /* Main.storyboard in Resources */ = {isa = PBXBuildFile; fileRef = 34882CE820EA9203000E9424 /* Main.storyboard */; };
		34882CEC20EA9205000E9424 /* Assets.xcassets in Resources */ = {isa = PBXBuildFile; fileRef = 34882CEB20EA9205000E9424 /* Assets.xcassets */; };
		34882CEF20EA9205000E9424 /* LaunchScreen.storyboard in Resources */ = {isa = PBXBuildFile; fileRef = 34882CED20EA9205000E9424 /* LaunchScreen.storyboard */; };
		34882CFA20EA9205000E9424 /* MedicubedTests.swift in Sources */ = {isa = PBXBuildFile; fileRef = 34882CF920EA9205000E9424 /* MedicubedTests.swift */; };
		34882D0520EA9205000E9424 /* MedicubedUITests.swift in Sources */ = {isa = PBXBuildFile; fileRef = 34882D0420EA9205000E9424 /* MedicubedUITests.swift */; };
/* End PBXBuildFile section */

/* Begin PBXContainerItemProxy section */
		34882CF620EA9205000E9424 /* PBXContainerItemProxy */ = {
			isa = PBXContainerItemProxy;
			containerPortal = 34882CD320EA9203000E9424 /* Project object */;
			proxyType = 1;
			remoteGlobalIDString = 34882CDA20EA9203000E9424;
			remoteInfo = Medicubed;
		};
		34882D0120EA9205000E9424 /* PBXContainerItemProxy */ = {
			isa = PBXContainerItemProxy;
			containerPortal = 34882CD320EA9203000E9424 /* Project object */;
			proxyType = 1;
			remoteGlobalIDString = 34882CDA20EA9203000E9424;
			remoteInfo = Medicubed;
		};
/* End PBXContainerItemProxy section */

/* Begin PBXFileReference section */
		34882CDB20EA9203000E9424 /* Medicubed.app */ = {isa = PBXFileReference; explicitFileType = wrapper.application; includeInIndex = 0; path = Medicubed.app; sourceTree = BUILT_PRODUCTS_DIR; };
		34882CDE20EA9203000E9424 /* AppDelegate.swift */ = {isa = PBXFileReference; lastKnownFileType = sourcecode.swift; path = AppDelegate.swift; sourceTree = "<group>"; };
		34882CE020EA9203000E9424 /* GameScene.sks */ = {isa = PBXFileReference; lastKnownFileType = file.sks; path = GameScene.sks; sourceTree = "<group>"; };
		34882CE220EA9203000E9424 /* Actions.sks */ = {isa = PBXFileReference; lastKnownFileType = file.sks; path = Actions.sks; sourceTree = "<group>"; };
		34882CE420EA9203000E9424 /* GameScene.swift */ = {isa = PBXFileReference; lastKnownFileType = sourcecode.swift; path = GameScene.swift; sourceTree = "<group>"; };
		34882CE620EA9203000E9424 /* GameViewController.swift */ = {isa = PBXFileReference; lastKnownFileType = sourcecode.swift; path = GameViewController.swift; sourceTree = "<group>"; };
		34882CE920EA9203000E9424 /* Base */ = {isa = PBXFileReference; lastKnownFileType = file.storyboard; name = Base; path = Base.lproj/Main.storyboard; sourceTree = "<group>"; };
		34882CEB20EA9205000E9424 /* Assets.xcassets */ = {isa = PBXFileReference; lastKnownFileType = folder.assetcatalog; path = Assets.xcassets; sourceTree = "<group>"; };
		34882CEE20EA9205000E9424 /* Base */ = {isa = PBXFileReference; lastKnownFileType = file.storyboard; name = Base; path = Base.lproj/LaunchScreen.storyboard; sourceTree = "<group>"; };
		34882CF020EA9205000E9424 /* Info.plist */ = {isa = PBXFileReference; lastKnownFileType = text.plist.xml; path = Info.plist; sourceTree = "<group>"; };
		34882CF520EA9205000E9424 /* MedicubedTests.xctest */ = {isa = PBXFileReference; explicitFileType = wrapper.cfbundle; includeInIndex = 0; path = MedicubedTests.xctest; sourceTree = BUILT_PRODUCTS_DIR; };
		34882CF920EA9205000E9424 /* MedicubedTests.swift */ = {isa = PBXFileReference; lastKnownFileType = sourcecode.swift; path = MedicubedTests.swift; sourceTree = "<group>"; };
		34882CFB20EA9205000E9424 /* Info.plist */ = {isa = PBXFileReference; lastKnownFileType = text.plist.xml; path = Info.plist; sourceTree = "<group>"; };
		34882D0020EA9205000E9424 /* MedicubedUITests.xctest */ = {isa = PBXFileReference; explicitFileType = wrapper.cfbundle; includeInIndex = 0; path = MedicubedUITests.xctest; sourceTree = BUILT_PRODUCTS_DIR; };
		34882D0420EA9205000E9424 /* MedicubedUITests.swift */ = {isa = PBXFileReference; lastKnownFileType = sourcecode.swift; path = MedicubedUITests.swift; sourceTree = "<group>"; };
		34882D0620EA9205000E9424 /* Info.plist */ = {isa = PBXFileReference; lastKnownFileType = text.plist.xml; path = Info.plist; sourceTree = "<group>"; };
/* End PBXFileReference section */

/* Begin PBXFrameworksBuildPhase section */
		34882CD820EA9203000E9424 /* Frameworks */ = {
			isa = PBXFrameworksBuildPhase;
			buildActionMask = 2147483647;
			files = (
			);
			runOnlyForDeploymentPostprocessing = 0;
		};
		34882CF220EA9205000E9424 /* Frameworks */ = {
			isa = PBXFrameworksBuildPhase;
			buildActionMask = 2147483647;
			files = (
			);
			runOnlyForDeploymentPostprocessing = 0;
		};
		34882CFD20EA9205000E9424 /* Frameworks */ = {
			isa = PBXFrameworksBuildPhase;
			buildActionMask = 2147483647;
			files = (
			);
			runOnlyForDeploymentPostprocessing = 0;
		};
/* End PBXFrameworksBuildPhase section */

/* Begin PBXGroup section */
		34882CD220EA9203000E9424 = {
			isa = PBXGroup;
			children = (
				34882CDD20EA9203000E9424 /* Medicubed */,
				34882CF820EA9205000E9424 /* MedicubedTests */,
				34882D0320EA9205000E9424 /* MedicubedUITests */,
				34882CDC20EA9203000E9424 /* Products */,
			);
			sourceTree = "<group>";
		};
		34882CDC20EA9203000E9424 /* Products */ = {
			isa = PBXGroup;
			children = (
				34882CDB20EA9203000E9424 /* Medicubed.app */,
				34882CF520EA9205000E9424 /* MedicubedTests.xctest */,
				34882D0020EA9205000E9424 /* MedicubedUITests.xctest */,
			);
			name = Products;
			sourceTree = "<group>";
		};
		34882CDD20EA9203000E9424 /* Medicubed */ = {
			isa = PBXGroup;
			children = (
				34882CDE20EA9203000E9424 /* AppDelegate.swift */,
				34882CE020EA9203000E9424 /* GameScene.sks */,
				34882CE220EA9203000E9424 /* Actions.sks */,
				34882CE420EA9203000E9424 /* GameScene.swift */,
				34882CE620EA9203000E9424 /* GameViewController.swift */,
				34882CE820EA9203000E9424 /* Main.storyboard */,
				34882CEB20EA9205000E9424 /* Assets.xcassets */,
				34882CED20EA9205000E9424 /* LaunchScreen.storyboard */,
				34882CF020EA9205000E9424 /* Info.plist */,
			);
			path = Medicubed;
			sourceTree = "<group>";
		};
		34882CF820EA9205000E9424 /* MedicubedTests */ = {
			isa = PBXGroup;
			children = (
				34882CF920EA9205000E9424 /* MedicubedTests.swift */,
				34882CFB20EA9205000E9424 /* Info.plist */,
			);
			path = MedicubedTests;
			sourceTree = "<group>";
		};
		34882D0320EA9205000E9424 /* MedicubedUITests */ = {
			isa = PBXGroup;
			children = (
				34882D0420EA9205000E9424 /* MedicubedUITests.swift */,
				34882D0620EA9205000E9424 /* Info.plist */,
			);
			path = MedicubedUITests;
			sourceTree = "<group>";
		};
/* End PBXGroup section */

/* Begin PBXNativeTarget section */
		34882CDA20EA9203000E9424 /* Medicubed */ = {
			isa = PBXNativeTarget;
			buildConfigurationList = 34882D0920EA9205000E9424 /* Build configuration list for PBXNativeTarget "Medicubed" */;
			buildPhases = (
				34882CD720EA9203000E9424 /* Sources */,
				34882CD820EA9203000E9424 /* Frameworks */,
				34882CD920EA9203000E9424 /* Resources */,
			);
			buildRules = (
			);
			dependencies = (
			);
			name = Medicubed;
			productName = Medicubed;
			productReference = 34882CDB20EA9203000E9424 /* Medicubed.app */;
			productType = "com.apple.product-type.application";
		};
		34882CF420EA9205000E9424 /* MedicubedTests */ = {
			isa = PBXNativeTarget;
			buildConfigurationList = 34882D0C20EA9205000E9424 /* Build configuration list for PBXNativeTarget "MedicubedTests" */;
			buildPhases = (
				34882CF120EA9205000E9424 /* Sources */,
				34882CF220EA9205000E9424 /* Frameworks */,
				34882CF320EA9205000E9424 /* Resources */,
			);
			buildRules = (
			);
			dependencies = (
				34882CF720EA9205000E9424 /* PBXTargetDependency */,
			);
			name = MedicubedTests;
			productName = MedicubedTests;
			productReference = 34882CF520EA9205000E9424 /* MedicubedTests.xctest */;
			productType = "com.apple.product-type.bundle.unit-test";
		};
		34882CFF20EA9205000E9424 /* MedicubedUITests */ = {
			isa = PBXNativeTarget;
			buildConfigurationList = 34882D0F20EA9205000E9424 /* Build configuration list for PBXNativeTarget "MedicubedUITests" */;
			buildPhases = (
				34882CFC20EA9205000E9424 /* Sources */,
				34882CFD20EA9205000E9424 /* Frameworks */,
				34882CFE20EA9205000E9424 /* Resources */,
			);
			buildRules = (
			);
			dependencies = (
				34882D0220EA9205000E9424 /* PBXTargetDependency */,
			);
			name = MedicubedUITests;
			productName = MedicubedUITests;
			productReference = 34882D0020EA9205000E9424 /* MedicubedUITests.xctest */;
			productType = "com.apple.product-type.bundle.ui-testing";
		};
/* End PBXNativeTarget section */

/* Begin PBXProject section */
		34882CD320EA9203000E9424 /* Project object */ = {
			isa = PBXProject;
			attributes = {
				LastSwiftUpdateCheck = 0940;
				LastUpgradeCheck = 0940;
				ORGANIZATIONNAME = MedicalCue;
				TargetAttributes = {
					34882CDA20EA9203000E9424 = {
						CreatedOnToolsVersion = 9.4.1;
					};
					34882CF420EA9205000E9424 = {
						CreatedOnToolsVersion = 9.4.1;
						TestTargetID = 34882CDA20EA9203000E9424;
					};
					34882CFF20EA9205000E9424 = {
						CreatedOnToolsVersion = 9.4.1;
						TestTargetID = 34882CDA20EA9203000E9424;
					};
				};
			};
			buildConfigurationList = 34882CD620EA9203000E9424 /* Build configuration list for PBXProject "Medicubed" */;
			compatibilityVersion = "Xcode 9.3";
			developmentRegion = en;
			hasScannedForEncodings = 0;
			knownRegions = (
				en,
				Base,
			);
			mainGroup = 34882CD220EA9203000E9424;
			productRefGroup = 34882CDC20EA9203000E9424 /* Products */;
			projectDirPath = "";
			projectRoot = "";
			targets = (
				34882CDA20EA9203000E9424 /* Medicubed */,
				34882CF420EA9205000E9424 /* MedicubedTests */,
				34882CFF20EA9205000E9424 /* MedicubedUITests */,
			);
		};
/* End PBXProject section */

/* Begin PBXResourcesBuildPhase section */
		34882CD920EA9203000E9424 /* Resources */ = {
			isa = PBXResourcesBuildPhase;
			buildActionMask = 2147483647;
			files = (
				34882CEA20EA9203000E9424 /* Main.storyboard in Resources */,
				34882CE120EA9203000E9424 /* GameScene.sks in Resources */,
				34882CEC20EA9205000E9424 /* Assets.xcassets in Resources */,
				34882CEF20EA9205000E9424 /* LaunchScreen.storyboard in Resources */,
				34882CE320EA9203000E9424 /* Actions.sks in Resources */,
			);
			runOnlyForDeploymentPostprocessing = 0;
		};
		34882CF320EA9205000E9424 /* Resources */ = {
			isa = PBXResourcesBuildPhase;
			buildActionMask = 2147483647;
			files = (
			);
			runOnlyForDeploymentPostprocessing = 0;
		};
		34882CFE20EA9205000E9424 /* Resources */ = {
			isa = PBXResourcesBuildPhase;
			buildActionMask = 2147483647;
			files = (
			);
			runOnlyForDeploymentPostprocessing = 0;
		};
/* End PBXResourcesBuildPhase section */

/* Begin PBXSourcesBuildPhase section */
		34882CD720EA9203000E9424 /* Sources */ = {
			isa = PBXSourcesBuildPhase;
			buildActionMask = 2147483647;
			files = (
				34882CE520EA9203000E9424 /* GameScene.swift in Sources */,
				34882CE720EA9203000E9424 /* GameViewController.swift in Sources */,
				34882CDF20EA9203000E9424 /* AppDelegate.swift in Sources */,
			);
			runOnlyForDeploymentPostprocessing = 0;
		};
		34882CF120EA9205000E9424 /* Sources */ = {
			isa = PBXSourcesBuildPhase;
			buildActionMask = 2147483647;
			files = (
				34882CFA20EA9205000E9424 /* MedicubedTests.swift in Sources */,
			);
			runOnlyForDeploymentPostprocessing = 0;
		};
		34882CFC20EA9205000E9424 /* Sources */ = {
			isa = PBXSourcesBuildPhase;
			buildActionMask = 2147483647;
			files = (
				34882D0520EA9205000E9424 /* MedicubedUITests.swift in Sources */,
			);
			runOnlyForDeploymentPostprocessing = 0;
		};
/* End PBXSourcesBuildPhase section */

/* Begin PBXTargetDependency section */
		34882CF720EA9205000E9424 /* PBXTargetDependency */ = {
			isa = PBXTargetDependency;
			target = 34882CDA20EA9203000E9424 /* Medicubed */;
			targetProxy = 34882CF620EA9205000E9424 /* PBXContainerItemProxy */;
		};
		34882D0220EA9205000E9424 /* PBXTargetDependency */ = {
			isa = PBXTargetDependency;
			target = 34882CDA20EA9203000E9424 /* Medicubed */;
			targetProxy = 34882D0120EA9205000E9424 /* PBXContainerItemProxy */;
		};
/* End PBXTargetDependency section */

/* Begin PBXVariantGroup section */
		34882CE820EA9203000E9424 /* Main.storyboard */ = {
			isa = PBXVariantGroup;
			children = (
				34882CE920EA9203000E9424 /* Base */,
			);
			name = Main.storyboard;
			sourceTree = "<group>";
		};
		34882CED20EA9205000E9424 /* LaunchScreen.storyboard */ = {
			isa = PBXVariantGroup;
			children = (
				34882CEE20EA9205000E9424 /* Base */,
			);
			name = LaunchScreen.storyboard;
			sourceTree = "<group>";
		};
/* End PBXVariantGroup section */

/* Begin XCBuildConfiguration section */
		34882D0720EA9205000E9424 /* Debug */ = {
			isa = XCBuildConfiguration;
			buildSettings = {
				ALWAYS_SEARCH_USER_PATHS = NO;
				CLANG_ANALYZER_NONNULL = YES;
				CLANG_ANALYZER_NUMBER_OBJECT_CONVERSION = YES_AGGRESSIVE;
				CLANG_CXX_LANGUAGE_STANDARD = "gnu++14";
				CLANG_CXX_LIBRARY = "libc++";
				CLANG_ENABLE_MODULES = YES;
				CLANG_ENABLE_OBJC_ARC = YES;
				CLANG_ENABLE_OBJC_WEAK = YES;
				CLANG_WARN_BLOCK_CAPTURE_AUTORELEASING = YES;
				CLANG_WARN_BOOL_CONVERSION = YES;
				CLANG_WARN_COMMA = YES;
				CLANG_WARN_CONSTANT_CONVERSION = YES;
				CLANG_WARN_DEPRECATED_OBJC_IMPLEMENTATIONS = YES;
				CLANG_WARN_DIRECT_OBJC_ISA_USAGE = YES_ERROR;
				CLANG_WARN_DOCUMENTATION_COMMENTS = YES;
				CLANG_WARN_EMPTY_BODY = YES;
				CLANG_WARN_ENUM_CONVERSION = YES;
				CLANG_WARN_INFINITE_RECURSION = YES;
				CLANG_WARN_INT_CONVERSION = YES;
				CLANG_WARN_NON_LITERAL_NULL_CONVERSION = YES;
				CLANG_WARN_OBJC_IMPLICIT_RETAIN_SELF = YES;
				CLANG_WARN_OBJC_LITERAL_CONVERSION = YES;
				CLANG_WARN_OBJC_ROOT_CLASS = YES_ERROR;
				CLANG_WARN_RANGE_LOOP_ANALYSIS = YES;
				CLANG_WARN_STRICT_PROTOTYPES = YES;
				CLANG_WARN_SUSPICIOUS_MOVE = YES;
				CLANG_WARN_UNGUARDED_AVAILABILITY = YES_AGGRESSIVE;
				CLANG_WARN_UNREACHABLE_CODE = YES;
				CLANG_WARN__DUPLICATE_METHOD_MATCH = YES;
				CODE_SIGN_IDENTITY = "iPhone Developer";
				COPY_PHASE_STRIP = NO;
				DEBUG_INFORMATION_FORMAT = dwarf;
				ENABLE_STRICT_OBJC_MSGSEND = YES;
				ENABLE_TESTABILITY = YES;
				GCC_C_LANGUAGE_STANDARD = gnu11;
				GCC_DYNAMIC_NO_PIC = NO;
				GCC_NO_COMMON_BLOCKS = YES;
				GCC_OPTIMIZATION_LEVEL = 0;
				GCC_PREPROCESSOR_DEFINITIONS = (
					"DEBUG=1",
					"$(inherited)",
				);
				GCC_WARN_64_TO_32_BIT_CONVERSION = YES;
				GCC_WARN_ABOUT_RETURN_TYPE = YES_ERROR;
				GCC_WARN_UNDECLARED_SELECTOR = YES;
				GCC_WARN_UNINITIALIZED_AUTOS = YES_AGGRESSIVE;
				GCC_WARN_UNUSED_FUNCTION = YES;
				GCC_WARN_UNUSED_VARIABLE = YES;
				IPHONEOS_DEPLOYMENT_TARGET = 11.4;
				MTL_ENABLE_DEBUG_INFO = YES;
				ONLY_ACTIVE_ARCH = YES;
				SDKROOT = iphoneos;
				SWIFT_ACTIVE_COMPILATION_CONDITIONS = DEBUG;
				SWIFT_OPTIMIZATION_LEVEL = "-Onone";
			};
			name = Debug;
		};
		34882D0820EA9205000E9424 /* Release */ = {
			isa = XCBuildConfiguration;
			buildSettings = {
				ALWAYS_SEARCH_USER_PATHS = NO;
				CLANG_ANALYZER_NONNULL = YES;
				CLANG_ANALYZER_NUMBER_OBJECT_CONVERSION = YES_AGGRESSIVE;
				CLANG_CXX_LANGUAGE_STANDARD = "gnu++14";
				CLANG_CXX_LIBRARY = "libc++";
				CLANG_ENABLE_MODULES = YES;
				CLANG_ENABLE_OBJC_ARC = YES;
				CLANG_ENABLE_OBJC_WEAK = YES;
				CLANG_WARN_BLOCK_CAPTURE_AUTORELEASING = YES;
				CLANG_WARN_BOOL_CONVERSION = YES;
				CLANG_WARN_COMMA = YES;
				CLANG_WARN_CONSTANT_CONVERSION = YES;
				CLANG_WARN_DEPRECATED_OBJC_IMPLEMENTATIONS = YES;
				CLANG_WARN_DIRECT_OBJC_ISA_USAGE = YES_ERROR;
				CLANG_WARN_DOCUMENTATION_COMMENTS = YES;
				CLANG_WARN_EMPTY_BODY = YES;
				CLANG_WARN_ENUM_CONVERSION = YES;
				CLANG_WARN_INFINITE_RECURSION = YES;
				CLANG_WARN_INT_CONVERSION = YES;
				CLANG_WARN_NON_LITERAL_NULL_CONVERSION = YES;
				CLANG_WARN_OBJC_IMPLICIT_RETAIN_SELF = YES;
				CLANG_WARN_OBJC_LITERAL_CONVERSION = YES;
				CLANG_WARN_OBJC_ROOT_CLASS = YES_ERROR;
				CLANG_WARN_RANGE_LOOP_ANALYSIS = YES;
				CLANG_WARN_STRICT_PROTOTYPES = YES;
				CLANG_WARN_SUSPICIOUS_MOVE = YES;
				CLANG_WARN_UNGUARDED_AVAILABILITY = YES_AGGRESSIVE;
				CLANG_WARN_UNREACHABLE_CODE = YES;
				CLANG_WARN__DUPLICATE_METHOD_MATCH = YES;
				CODE_SIGN_IDENTITY = "iPhone Developer";
				COPY_PHASE_STRIP = NO;
				DEBUG_INFORMATION_FORMAT = "dwarf-with-dsym";
				ENABLE_NS_ASSERTIONS = NO;
				ENABLE_STRICT_OBJC_MSGSEND = YES;
				GCC_C_LANGUAGE_STANDARD = gnu11;
				GCC_NO_COMMON_BLOCKS = YES;
				GCC_WARN_64_TO_32_BIT_CONVERSION = YES;
				GCC_WARN_ABOUT_RETURN_TYPE = YES_ERROR;
				GCC_WARN_UNDECLARED_SELECTOR = YES;
				GCC_WARN_UNINITIALIZED_AUTOS = YES_AGGRESSIVE;
				GCC_WARN_UNUSED_FUNCTION = YES;
				GCC_WARN_UNUSED_VARIABLE = YES;
				IPHONEOS_DEPLOYMENT_TARGET = 11.4;
				MTL_ENABLE_DEBUG_INFO = NO;
				SDKROOT = iphoneos;
				SWIFT_COMPILATION_MODE = wholemodule;
				SWIFT_OPTIMIZATION_LEVEL = "-O";
				VALIDATE_PRODUCT = YES;
			};
			name = Release;
		};
		34882D0A20EA9205000E9424 /* Debug */ = {
			isa = XCBuildConfiguration;
			buildSettings = {
				ASSETCATALOG_COMPILER_APPICON_NAME = AppIcon;
				CODE_SIGN_STYLE = Automatic;
				DEVELOPMENT_TEAM = D7G9M28WLW;
				INFOPLIST_FILE = Medicubed/Info.plist;
				LD_RUNPATH_SEARCH_PATHS = (
					"$(inherited)",
					"@executable_path/Frameworks",
				);
				PRODUCT_BUNDLE_IDENTIFIER = Medicubed.Medicubed;
				PRODUCT_NAME = "$(TARGET_NAME)";
				SWIFT_VERSION = 4.0;
				TARGETED_DEVICE_FAMILY = "1,2";
			};
			name = Debug;
		};
		34882D0B20EA9205000E9424 /* Release */ = {
			isa = XCBuildConfiguration;
			buildSettings = {
				ASSETCATALOG_COMPILER_APPICON_NAME = AppIcon;
				CODE_SIGN_STYLE = Automatic;
				DEVELOPMENT_TEAM = D7G9M28WLW;
				INFOPLIST_FILE = Medicubed/Info.plist;
				LD_RUNPATH_SEARCH_PATHS = (
					"$(inherited)",
					"@executable_path/Frameworks",
				);
				PRODUCT_BUNDLE_IDENTIFIER = Medicubed.Medicubed;
				PRODUCT_NAME = "$(TARGET_NAME)";
				SWIFT_VERSION = 4.0;
				TARGETED_DEVICE_FAMILY = "1,2";
			};
			name = Release;
		};
		34882D0D20EA9205000E9424 /* Debug */ = {
			isa = XCBuildConfiguration;
			buildSettings = {
				ALWAYS_EMBED_SWIFT_STANDARD_LIBRARIES = YES;
				BUNDLE_LOADER = "$(TEST_HOST)";
				CODE_SIGN_STYLE = Automatic;
				DEVELOPMENT_TEAM = D7G9M28WLW;
				INFOPLIST_FILE = MedicubedTests/Info.plist;
				LD_RUNPATH_SEARCH_PATHS = (
					"$(inherited)",
					"@executable_path/Frameworks",
					"@loader_path/Frameworks",
				);
				PRODUCT_BUNDLE_IDENTIFIER = Medicubed.MedicubedTests;
				PRODUCT_NAME = "$(TARGET_NAME)";
				SWIFT_VERSION = 4.0;
				TARGETED_DEVICE_FAMILY = "1,2";
				TEST_HOST = "$(BUILT_PRODUCTS_DIR)/Medicubed.app/Medicubed";
			};
			name = Debug;
		};
		34882D0E20EA9205000E9424 /* Release */ = {
			isa = XCBuildConfiguration;
			buildSettings = {
				ALWAYS_EMBED_SWIFT_STANDARD_LIBRARIES = YES;
				BUNDLE_LOADER = "$(TEST_HOST)";
				CODE_SIGN_STYLE = Automatic;
				DEVELOPMENT_TEAM = D7G9M28WLW;
				INFOPLIST_FILE = MedicubedTests/Info.plist;
				LD_RUNPATH_SEARCH_PATHS = (
					"$(inherited)",
					"@executable_path/Frameworks",
					"@loader_path/Frameworks",
				);
				PRODUCT_BUNDLE_IDENTIFIER = Medicubed.MedicubedTests;
				PRODUCT_NAME = "$(TARGET_NAME)";
				SWIFT_VERSION = 4.0;
				TARGETED_DEVICE_FAMILY = "1,2";
				TEST_HOST = "$(BUILT_PRODUCTS_DIR)/Medicubed.app/Medicubed";
			};
			name = Release;
		};
		34882D1020EA9205000E9424 /* Debug */ = {
			isa = XCBuildConfiguration;
			buildSettings = {
				ALWAYS_EMBED_SWIFT_STANDARD_LIBRARIES = YES;
				CODE_SIGN_STYLE = Automatic;
				DEVELOPMENT_TEAM = D7G9M28WLW;
				INFOPLIST_FILE = MedicubedUITests/Info.plist;
				LD_RUNPATH_SEARCH_PATHS = (
					"$(inherited)",
					"@executable_path/Frameworks",
					"@loader_path/Frameworks",
				);
				PRODUCT_BUNDLE_IDENTIFIER = Medicubed.MedicubedUITests;
				PRODUCT_NAME = "$(TARGET_NAME)";
				SWIFT_VERSION = 4.0;
				TARGETED_DEVICE_FAMILY = "1,2";
				TEST_TARGET_NAME = Medicubed;
			};
			name = Debug;
		};
		34882D1120EA9205000E9424 /* Release */ = {
			isa = XCBuildConfiguration;
			buildSettings = {
				ALWAYS_EMBED_SWIFT_STANDARD_LIBRARIES = YES;
				CODE_SIGN_STYLE = Automatic;
				DEVELOPMENT_TEAM = D7G9M28WLW;
				INFOPLIST_FILE = MedicubedUITests/Info.plist;
				LD_RUNPATH_SEARCH_PATHS = (
					"$(inherited)",
					"@executable_path/Frameworks",
					"@loader_path/Frameworks",
				);
				PRODUCT_BUNDLE_IDENTIFIER = Medicubed.MedicubedUITests;
				PRODUCT_NAME = "$(TARGET_NAME)";
				SWIFT_VERSION = 4.0;
				TARGETED_DEVICE_FAMILY = "1,2";
				TEST_TARGET_NAME = Medicubed;
			};
			name = Release;
		};
/* End XCBuildConfiguration section */

/* Begin XCConfigurationList section */
		34882CD620EA9203000E9424 /* Build configuration list for PBXProject "Medicubed" */ = {
			isa = XCConfigurationList;
			buildConfigurations = (
				34882D0720EA9205000E9424 /* Debug */,
				34882D0820EA9205000E9424 /* Release */,
			);
			defaultConfigurationIsVisible = 0;
			defaultConfigurationName = Release;
		};
		34882D0920EA9205000E9424 /* Build configuration list for PBXNativeTarget "Medicubed" */ = {
			isa = XCConfigurationList;
			buildConfigurations = (
				34882D0A20EA9205000E9424 /* Debug */,
				34882D0B20EA9205000E9424 /* Release */,
			);
			defaultConfigurationIsVisible = 0;
			defaultConfigurationName = Release;
		};
		34882D0C20EA9205000E9424 /* Build configuration list for PBXNativeTarget "MedicubedTests" */ = {
			isa = XCConfigurationList;
			buildConfigurations = (
				34882D0D20EA9205000E9424 /* Debug */,
				34882D0E20EA9205000E9424 /* Release */,
			);
			defaultConfigurationIsVisible = 0;
			defaultConfigurationName = Release;
		};
		34882D0F20EA9205000E9424 /* Build configuration list for PBXNativeTarget "MedicubedUITests" */ = {
			isa = XCConfigurationList;
			buildConfigurations = (
				34882D1020EA9205000E9424 /* Debug */,
				34882D1120EA9205000E9424 /* Release */,
			);
			defaultConfigurationIsVisible = 0;
			defaultConfigurationName = Release;
		};
/* End XCConfigurationList section */
	};
	rootObject = 34882CD320EA9203000E9424 /* Project object */;
}
